
Microsoft Visual Studio Solution File, Format Version 12.00
# Visual Studio Version 17
VisualStudioVersion = 17.5.33502.453
MinimumVisualStudioVersion = 10.0.40219.1
Project("{8BC9CEB8-8B4A-11D0-8D11-00A0C91BC942}") = "hello world 2023", "hello world 2023\hello world 2023.vcxproj", "{0F4F3FBE-D123-40B7-8879-C7C8DFCA0158}"
EndProject
Global
	GlobalSection(SolutionConfigurationPlatforms) = preSolution
		Debug|x64 = Debug|x64
		Debug|x86 = Debug|x86
		Release|x64 = Release|x64
		Release|x86 = Release|x86
	EndGlobalSection
	GlobalSection(ProjectConfigurationPlatforms) = postSolution
		{0F4F3FBE-D123-40B7-8879-C7C8DFCA0158}.Debug|x64.ActiveCfg = Debug|x64
		{0F4F3FBE-D123-40B7-8879-C7C8DFCA0158}.Debug|x64.Build.0 = Debug|x64
		{0F4F3FBE-D123-40B7-8879-C7C8DFCA0158}.Debug|x86.ActiveCfg = Debug|Win32
		{0F4F3FBE-D123-40B7-8879-C7C8DFCA0158}.Debug|x86.Build.0 = Debug|Win32
		{0F4F3FBE-D123-40B7-8879-C7C8DFCA0158}.Release|x64.ActiveCfg = Release|x64
		{0F4F3FBE-D123-40B7-8879-C7C8DFCA0158}.Release|x64.Build.0 = Release|x64
		{0F4F3FBE-D123-40B7-8879-C7C8DFCA0158}.Release|x86.ActiveCfg = Release|Win32
		{0F4F3FBE-D123-40B7-8879-C7C8DFCA0158}.Release|x86.Build.0 = Release|Win32
	EndGlobalSection
	GlobalSection(SolutionProperties) = preSolution
		HideSolutionNode = FALSE
	EndGlobalSection
	GlobalSection(ExtensibilityGlobals) = postSolution
		SolutionGuid = {0699B9CA-0F19-4AA4-BCA8-ED5734E284FB}
	EndGlobalSection
EndGlobal
